// !$*UTF8*$!
{
	archiveVersion = 1;
	classes = {
	};
	objectVersion = 56;
	objects = {

/* Begin PBXBuildFile section */
		B1914FE72A993B4D0069727C /* AppDelegate.swift in Sources */ = {isa = PBXBuildFile; fileRef = B1914FE62A993B4D0069727C /* AppDelegate.swift */; };
		B1914FE92A993B4D0069727C /* SceneDelegate.swift in Sources */ = {isa = PBXBuildFile; fileRef = B1914FE82A993B4D0069727C /* SceneDelegate.swift */; };
		B1914FEB2A993B4D0069727C /* CategoryListViewController.swift in Sources */ = {isa = PBXBuildFile; fileRef = B1914FEA2A993B4D0069727C /* CategoryListViewController.swift */; };
		B1914FF12A993B4D0069727C /* BudgetControl.xcdatamodeld in Sources */ = {isa = PBXBuildFile; fileRef = B1914FEF2A993B4D0069727C /* BudgetControl.xcdatamodeld */; };
		B1914FF32A993B4E0069727C /* Assets.xcassets in Resources */ = {isa = PBXBuildFile; fileRef = B1914FF22A993B4E0069727C /* Assets.xcassets */; };
		B1914FF62A993B4E0069727C /* LaunchScreen.storyboard in Resources */ = {isa = PBXBuildFile; fileRef = B1914FF42A993B4E0069727C /* LaunchScreen.storyboard */; };
		B19150012A993B4E0069727C /* BudgetControlTests.swift in Sources */ = {isa = PBXBuildFile; fileRef = B19150002A993B4E0069727C /* BudgetControlTests.swift */; };
		B191501A2A994A570069727C /* CategoryCollectionViewCell.swift in Sources */ = {isa = PBXBuildFile; fileRef = B19150192A994A570069727C /* CategoryCollectionViewCell.swift */; };
		B19150202A9A198A0069727C /* CategoryDetailsViewController.swift in Sources */ = {isa = PBXBuildFile; fileRef = B191501F2A9A198A0069727C /* CategoryDetailsViewController.swift */; };
		B19150222A9A1B0F0069727C /* RootViewController.swift in Sources */ = {isa = PBXBuildFile; fileRef = B19150212A9A1B0F0069727C /* RootViewController.swift */; };
		B19150242A9A251E0069727C /* RootViewModel.swift in Sources */ = {isa = PBXBuildFile; fileRef = B19150232A9A251E0069727C /* RootViewModel.swift */; };
		B19150262A9A4E4D0069727C /* RootController.swift in Sources */ = {isa = PBXBuildFile; fileRef = B19150252A9A4E4D0069727C /* RootController.swift */; };
		B19150282A9A510C0069727C /* BudgetModel.swift in Sources */ = {isa = PBXBuildFile; fileRef = B19150272A9A510C0069727C /* BudgetModel.swift */; };
		B191502F2A9B500B0069727C /* CategoryCreationViewController.swift in Sources */ = {isa = PBXBuildFile; fileRef = B191502E2A9B500B0069727C /* CategoryCreationViewController.swift */; };
		B1E7B3582A9BFD7A00C65DCF /* Logger+Extensions.swift in Sources */ = {isa = PBXBuildFile; fileRef = B1E7B3572A9BFD7A00C65DCF /* Logger+Extensions.swift */; };
		B1E7B3652A9C022E00C65DCF /* BCBudgetCategory+CoreDataClass.swift in Sources */ = {isa = PBXBuildFile; fileRef = B1E7B3632A9C022E00C65DCF /* BCBudgetCategory+CoreDataClass.swift */; };
		B1E7B3662A9C022E00C65DCF /* BCBudgetCategory+CoreDataProperties.swift in Sources */ = {isa = PBXBuildFile; fileRef = B1E7B3642A9C022E00C65DCF /* BCBudgetCategory+CoreDataProperties.swift */; };
		B1E7B3692A9C05D100C65DCF /* PersistentContainer.swift in Sources */ = {isa = PBXBuildFile; fileRef = B1E7B3682A9C05D100C65DCF /* PersistentContainer.swift */; };
		B1E7B36C2A9C84BD00C65DCF /* BudgetCategoryRepository.swift in Sources */ = {isa = PBXBuildFile; fileRef = B1E7B36B2A9C84BD00C65DCF /* BudgetCategoryRepository.swift */; };
		B1E7B36F2A9C88CA00C65DCF /* NSObject+Extensions.swift in Sources */ = {isa = PBXBuildFile; fileRef = B1E7B36E2A9C88CA00C65DCF /* NSObject+Extensions.swift */; };
		B1E7B37D2A9CB34C00C65DCF /* UIBarButtonItem+Extensions.swift in Sources */ = {isa = PBXBuildFile; fileRef = B1E7B37C2A9CB34C00C65DCF /* UIBarButtonItem+Extensions.swift */; };
		B1E7B3802A9CC01400C65DCF /* CategoryDetailsController.swift in Sources */ = {isa = PBXBuildFile; fileRef = B1E7B37F2A9CC01400C65DCF /* CategoryDetailsController.swift */; };
		B1E7B3C22A9DF3B200C65DCF /* BudgetConverter.swift in Sources */ = {isa = PBXBuildFile; fileRef = B1E7B3C12A9DF3B200C65DCF /* BudgetConverter.swift */; };
/* End PBXBuildFile section */

/* Begin PBXContainerItemProxy section */
		B1914FFD2A993B4E0069727C /* PBXContainerItemProxy */ = {
			isa = PBXContainerItemProxy;
			containerPortal = B1914FDB2A993B4D0069727C /* Project object */;
			proxyType = 1;
			remoteGlobalIDString = B1914FE22A993B4D0069727C;
			remoteInfo = BudgetControl;
		};
/* End PBXContainerItemProxy section */

/* Begin PBXFileReference section */
		B1914FE32A993B4D0069727C /* BudgetControl.app */ = {isa = PBXFileReference; explicitFileType = wrapper.application; includeInIndex = 0; path = BudgetControl.app; sourceTree = BUILT_PRODUCTS_DIR; };
		B1914FE62A993B4D0069727C /* AppDelegate.swift */ = {isa = PBXFileReference; lastKnownFileType = sourcecode.swift; path = AppDelegate.swift; sourceTree = "<group>"; };
		B1914FE82A993B4D0069727C /* SceneDelegate.swift */ = {isa = PBXFileReference; lastKnownFileType = sourcecode.swift; path = SceneDelegate.swift; sourceTree = "<group>"; };
		B1914FEA2A993B4D0069727C /* CategoryListViewController.swift */ = {isa = PBXFileReference; lastKnownFileType = sourcecode.swift; path = CategoryListViewController.swift; sourceTree = "<group>"; };
		B1914FF02A993B4D0069727C /* BudgetControl.xcdatamodel */ = {isa = PBXFileReference; lastKnownFileType = wrapper.xcdatamodel; path = BudgetControl.xcdatamodel; sourceTree = "<group>"; };
		B1914FF22A993B4E0069727C /* Assets.xcassets */ = {isa = PBXFileReference; lastKnownFileType = folder.assetcatalog; path = Assets.xcassets; sourceTree = "<group>"; };
		B1914FF52A993B4E0069727C /* Base */ = {isa = PBXFileReference; lastKnownFileType = file.storyboard; name = Base; path = Base.lproj/LaunchScreen.storyboard; sourceTree = "<group>"; };
		B1914FF72A993B4E0069727C /* Info.plist */ = {isa = PBXFileReference; lastKnownFileType = text.plist.xml; path = Info.plist; sourceTree = "<group>"; };
		B1914FFC2A993B4E0069727C /* BudgetControlTests.xctest */ = {isa = PBXFileReference; explicitFileType = wrapper.cfbundle; includeInIndex = 0; path = BudgetControlTests.xctest; sourceTree = BUILT_PRODUCTS_DIR; };
		B19150002A993B4E0069727C /* BudgetControlTests.swift */ = {isa = PBXFileReference; lastKnownFileType = sourcecode.swift; path = BudgetControlTests.swift; sourceTree = "<group>"; };
		B19150192A994A570069727C /* CategoryCollectionViewCell.swift */ = {isa = PBXFileReference; lastKnownFileType = sourcecode.swift; path = CategoryCollectionViewCell.swift; sourceTree = "<group>"; };
		B191501F2A9A198A0069727C /* CategoryDetailsViewController.swift */ = {isa = PBXFileReference; lastKnownFileType = sourcecode.swift; path = CategoryDetailsViewController.swift; sourceTree = "<group>"; };
		B19150212A9A1B0F0069727C /* RootViewController.swift */ = {isa = PBXFileReference; lastKnownFileType = sourcecode.swift; path = RootViewController.swift; sourceTree = "<group>"; };
		B19150232A9A251E0069727C /* RootViewModel.swift */ = {isa = PBXFileReference; lastKnownFileType = sourcecode.swift; path = RootViewModel.swift; sourceTree = "<group>"; };
		B19150252A9A4E4D0069727C /* RootController.swift */ = {isa = PBXFileReference; lastKnownFileType = sourcecode.swift; path = RootController.swift; sourceTree = "<group>"; };
		B19150272A9A510C0069727C /* BudgetModel.swift */ = {isa = PBXFileReference; lastKnownFileType = sourcecode.swift; path = BudgetModel.swift; sourceTree = "<group>"; };
		B191502E2A9B500B0069727C /* CategoryCreationViewController.swift */ = {isa = PBXFileReference; lastKnownFileType = sourcecode.swift; path = CategoryCreationViewController.swift; sourceTree = "<group>"; };
		B1E7B3552A9BC08B00C65DCF /* BudgetControl.xctestplan */ = {isa = PBXFileReference; lastKnownFileType = text; path = BudgetControl.xctestplan; sourceTree = "<group>"; };
		B1E7B3572A9BFD7A00C65DCF /* Logger+Extensions.swift */ = {isa = PBXFileReference; lastKnownFileType = sourcecode.swift; path = "Logger+Extensions.swift"; sourceTree = "<group>"; };
		B1E7B3632A9C022E00C65DCF /* BCBudgetCategory+CoreDataClass.swift */ = {isa = PBXFileReference; lastKnownFileType = sourcecode.swift; path = "BCBudgetCategory+CoreDataClass.swift"; sourceTree = "<group>"; };
		B1E7B3642A9C022E00C65DCF /* BCBudgetCategory+CoreDataProperties.swift */ = {isa = PBXFileReference; lastKnownFileType = sourcecode.swift; path = "BCBudgetCategory+CoreDataProperties.swift"; sourceTree = "<group>"; };
		B1E7B3682A9C05D100C65DCF /* PersistentContainer.swift */ = {isa = PBXFileReference; lastKnownFileType = sourcecode.swift; path = PersistentContainer.swift; sourceTree = "<group>"; };
		B1E7B36B2A9C84BD00C65DCF /* BudgetCategoryRepository.swift */ = {isa = PBXFileReference; lastKnownFileType = sourcecode.swift; path = BudgetCategoryRepository.swift; sourceTree = "<group>"; };
		B1E7B36E2A9C88CA00C65DCF /* NSObject+Extensions.swift */ = {isa = PBXFileReference; lastKnownFileType = sourcecode.swift; path = "NSObject+Extensions.swift"; sourceTree = "<group>"; };
		B1E7B37C2A9CB34C00C65DCF /* UIBarButtonItem+Extensions.swift */ = {isa = PBXFileReference; lastKnownFileType = sourcecode.swift; path = "UIBarButtonItem+Extensions.swift"; sourceTree = "<group>"; };
		B1E7B37F2A9CC01400C65DCF /* CategoryDetailsController.swift */ = {isa = PBXFileReference; lastKnownFileType = sourcecode.swift; path = CategoryDetailsController.swift; sourceTree = "<group>"; };
		B1E7B3C12A9DF3B200C65DCF /* BudgetConverter.swift */ = {isa = PBXFileReference; lastKnownFileType = sourcecode.swift; path = BudgetConverter.swift; sourceTree = "<group>"; };
/* End PBXFileReference section */

/* Begin PBXFrameworksBuildPhase section */
		B1914FE02A993B4D0069727C /* Frameworks */ = {
			isa = PBXFrameworksBuildPhase;
			buildActionMask = 2147483647;
			files = (
			);
			runOnlyForDeploymentPostprocessing = 0;
		};
		B1914FF92A993B4E0069727C /* Frameworks */ = {
			isa = PBXFrameworksBuildPhase;
			buildActionMask = 2147483647;
			files = (
			);
			runOnlyForDeploymentPostprocessing = 0;
		};
/* End PBXFrameworksBuildPhase section */

/* Begin PBXGroup section */
		B1914FDA2A993B4D0069727C = {
			isa = PBXGroup;
			children = (
				B1914FE52A993B4D0069727C /* BudgetControl */,
				B1914FFF2A993B4E0069727C /* BudgetControlTests */,
				B1914FE42A993B4D0069727C /* Products */,
			);
			sourceTree = "<group>";
		};
		B1914FE42A993B4D0069727C /* Products */ = {
			isa = PBXGroup;
			children = (
				B1914FE32A993B4D0069727C /* BudgetControl.app */,
				B1914FFC2A993B4E0069727C /* BudgetControlTests.xctest */,
			);
			name = Products;
			sourceTree = "<group>";
		};
		B1914FE52A993B4D0069727C /* BudgetControl */ = {
			isa = PBXGroup;
			children = (
				B1E7B3722A9CA2A300C65DCF /* Model */,
				B1E7B3772A9CA39F00C65DCF /* Presentation */,
				B1E7B3732A9CA32400C65DCF /* Infrastructure */,
				B1E7B3762A9CA38C00C65DCF /* Extensions */,
			);
			path = BudgetControl;
			sourceTree = "<group>";
		};
		B1914FFF2A993B4E0069727C /* BudgetControlTests */ = {
			isa = PBXGroup;
			children = (
				B19150002A993B4E0069727C /* BudgetControlTests.swift */,
			);
			path = BudgetControlTests;
			sourceTree = "<group>";
		};
		B1E7B3712A9CA29400C65DCF /* Database */ = {
			isa = PBXGroup;
			children = (
				B1914FEF2A993B4D0069727C /* BudgetControl.xcdatamodeld */,
				B1E7B3682A9C05D100C65DCF /* PersistentContainer.swift */,
				B1E7B3632A9C022E00C65DCF /* BCBudgetCategory+CoreDataClass.swift */,
				B1E7B3642A9C022E00C65DCF /* BCBudgetCategory+CoreDataProperties.swift */,
			);
			path = Database;
			sourceTree = "<group>";
		};
		B1E7B3722A9CA2A300C65DCF /* Model */ = {
			isa = PBXGroup;
			children = (
				B19150272A9A510C0069727C /* BudgetModel.swift */,
				B1E7B36B2A9C84BD00C65DCF /* BudgetCategoryRepository.swift */,
				B1E7B3712A9CA29400C65DCF /* Database */,
				B1E7B3C12A9DF3B200C65DCF /* BudgetConverter.swift */,
			);
			path = Model;
			sourceTree = "<group>";
		};
		B1E7B3732A9CA32400C65DCF /* Infrastructure */ = {
			isa = PBXGroup;
			children = (
				B1914FE62A993B4D0069727C /* AppDelegate.swift */,
				B1914FE82A993B4D0069727C /* SceneDelegate.swift */,
				B1914FF22A993B4E0069727C /* Assets.xcassets */,
				B1E7B3552A9BC08B00C65DCF /* BudgetControl.xctestplan */,
				B1914FF42A993B4E0069727C /* LaunchScreen.storyboard */,
				B1914FF72A993B4E0069727C /* Info.plist */,
			);
			path = Infrastructure;
			sourceTree = "<group>";
		};
		B1E7B3762A9CA38C00C65DCF /* Extensions */ = {
			isa = PBXGroup;
			children = (
				B1E7B3572A9BFD7A00C65DCF /* Logger+Extensions.swift */,
				B1E7B36E2A9C88CA00C65DCF /* NSObject+Extensions.swift */,
				B1E7B37C2A9CB34C00C65DCF /* UIBarButtonItem+Extensions.swift */,
			);
			path = Extensions;
			sourceTree = "<group>";
		};
		B1E7B3772A9CA39F00C65DCF /* Presentation */ = {
			isa = PBXGroup;
			children = (
				B1E7B3782A9CA3BC00C65DCF /* Root */,
				B1E7B3792A9CA3C300C65DCF /* CategoryList */,
				B1E7B37A2A9CA3CA00C65DCF /* CategoryDetails */,
				B1E7B37B2A9CA3D500C65DCF /* CategoryCreation */,
			);
			path = Presentation;
			sourceTree = "<group>";
		};
		B1E7B3782A9CA3BC00C65DCF /* Root */ = {
			isa = PBXGroup;
			children = (
				B19150252A9A4E4D0069727C /* RootController.swift */,
				B19150232A9A251E0069727C /* RootViewModel.swift */,
				B19150212A9A1B0F0069727C /* RootViewController.swift */,
			);
			path = Root;
			sourceTree = "<group>";
		};
		B1E7B3792A9CA3C300C65DCF /* CategoryList */ = {
			isa = PBXGroup;
			children = (
				B1914FEA2A993B4D0069727C /* CategoryListViewController.swift */,
				B19150192A994A570069727C /* CategoryCollectionViewCell.swift */,
			);
			path = CategoryList;
			sourceTree = "<group>";
		};
		B1E7B37A2A9CA3CA00C65DCF /* CategoryDetails */ = {
			isa = PBXGroup;
			children = (
				B1E7B37F2A9CC01400C65DCF /* CategoryDetailsController.swift */,
				B191501F2A9A198A0069727C /* CategoryDetailsViewController.swift */,
			);
			path = CategoryDetails;
			sourceTree = "<group>";
		};
		B1E7B37B2A9CA3D500C65DCF /* CategoryCreation */ = {
			isa = PBXGroup;
			children = (
				B191502E2A9B500B0069727C /* CategoryCreationViewController.swift */,
			);
			path = CategoryCreation;
			sourceTree = "<group>";
		};
/* End PBXGroup section */

/* Begin PBXNativeTarget section */
		B1914FE22A993B4D0069727C /* BudgetControl */ = {
			isa = PBXNativeTarget;
			buildConfigurationList = B19150102A993B4E0069727C /* Build configuration list for PBXNativeTarget "BudgetControl" */;
			buildPhases = (
				B1914FDF2A993B4D0069727C /* Sources */,
				B1914FE02A993B4D0069727C /* Frameworks */,
				B1914FE12A993B4D0069727C /* Resources */,
			);
			buildRules = (
			);
			dependencies = (
				B191502B2A9B4A410069727C /* PBXTargetDependency */,
			);
			name = BudgetControl;
			productName = BudgetControl;
			productReference = B1914FE32A993B4D0069727C /* BudgetControl.app */;
			productType = "com.apple.product-type.application";
		};
		B1914FFB2A993B4E0069727C /* BudgetControlTests */ = {
			isa = PBXNativeTarget;
			buildConfigurationList = B19150132A993B4E0069727C /* Build configuration list for PBXNativeTarget "BudgetControlTests" */;
			buildPhases = (
				B1914FF82A993B4E0069727C /* Sources */,
				B1914FF92A993B4E0069727C /* Frameworks */,
				B1914FFA2A993B4E0069727C /* Resources */,
			);
			buildRules = (
			);
			dependencies = (
				B1914FFE2A993B4E0069727C /* PBXTargetDependency */,
			);
			name = BudgetControlTests;
			productName = BudgetControlTests;
			productReference = B1914FFC2A993B4E0069727C /* BudgetControlTests.xctest */;
			productType = "com.apple.product-type.bundle.unit-test";
		};
/* End PBXNativeTarget section */

/* Begin PBXProject section */
		B1914FDB2A993B4D0069727C /* Project object */ = {
			isa = PBXProject;
			attributes = {
				BuildIndependentTargetsInParallel = 1;
				LastSwiftUpdateCheck = 1430;
				LastUpgradeCheck = 1430;
				TargetAttributes = {
					B1914FE22A993B4D0069727C = {
						CreatedOnToolsVersion = 14.3.1;
					};
					B1914FFB2A993B4E0069727C = {
						CreatedOnToolsVersion = 14.3.1;
						TestTargetID = B1914FE22A993B4D0069727C;
					};
				};
			};
			buildConfigurationList = B1914FDE2A993B4D0069727C /* Build configuration list for PBXProject "BudgetControl" */;
			compatibilityVersion = "Xcode 14.0";
			developmentRegion = en;
			hasScannedForEncodings = 0;
			knownRegions = (
				en,
				Base,
			);
			mainGroup = B1914FDA2A993B4D0069727C;
			packageReferences = (
				B19150292A9B49F00069727C /* XCRemoteSwiftPackageReference "SwiftLintPlugin" */,
			);
			productRefGroup = B1914FE42A993B4D0069727C /* Products */;
			projectDirPath = "";
			projectRoot = "";
			targets = (
				B1914FE22A993B4D0069727C /* BudgetControl */,
				B1914FFB2A993B4E0069727C /* BudgetControlTests */,
			);
		};
/* End PBXProject section */

/* Begin PBXResourcesBuildPhase section */
		B1914FE12A993B4D0069727C /* Resources */ = {
			isa = PBXResourcesBuildPhase;
			buildActionMask = 2147483647;
			files = (
				B1914FF62A993B4E0069727C /* LaunchScreen.storyboard in Resources */,
				B1914FF32A993B4E0069727C /* Assets.xcassets in Resources */,
			);
			runOnlyForDeploymentPostprocessing = 0;
		};
		B1914FFA2A993B4E0069727C /* Resources */ = {
			isa = PBXResourcesBuildPhase;
			buildActionMask = 2147483647;
			files = (
			);
			runOnlyForDeploymentPostprocessing = 0;
		};
/* End PBXResourcesBuildPhase section */

/* Begin PBXSourcesBuildPhase section */
		B1914FDF2A993B4D0069727C /* Sources */ = {
			isa = PBXSourcesBuildPhase;
			buildActionMask = 2147483647;
			files = (
				B1E7B37D2A9CB34C00C65DCF /* UIBarButtonItem+Extensions.swift in Sources */,
				B1914FEB2A993B4D0069727C /* CategoryListViewController.swift in Sources */,
				B19150202A9A198A0069727C /* CategoryDetailsViewController.swift in Sources */,
				B1E7B3C22A9DF3B200C65DCF /* BudgetConverter.swift in Sources */,
				B1E7B36C2A9C84BD00C65DCF /* BudgetCategoryRepository.swift in Sources */,
				B191501A2A994A570069727C /* CategoryCollectionViewCell.swift in Sources */,
				B19150222A9A1B0F0069727C /* RootViewController.swift in Sources */,
				B1914FE72A993B4D0069727C /* AppDelegate.swift in Sources */,
				B19150262A9A4E4D0069727C /* RootController.swift in Sources */,
				B1914FF12A993B4D0069727C /* BudgetControl.xcdatamodeld in Sources */,
				B1E7B3692A9C05D100C65DCF /* PersistentContainer.swift in Sources */,
				B19150242A9A251E0069727C /* RootViewModel.swift in Sources */,
				B19150282A9A510C0069727C /* BudgetModel.swift in Sources */,
				B1E7B3802A9CC01400C65DCF /* CategoryDetailsController.swift in Sources */,
				B1E7B3582A9BFD7A00C65DCF /* Logger+Extensions.swift in Sources */,
				B191502F2A9B500B0069727C /* CategoryCreationViewController.swift in Sources */,
				B1E7B36F2A9C88CA00C65DCF /* NSObject+Extensions.swift in Sources */,
				B1E7B3652A9C022E00C65DCF /* BCBudgetCategory+CoreDataClass.swift in Sources */,
				B1E7B3662A9C022E00C65DCF /* BCBudgetCategory+CoreDataProperties.swift in Sources */,
				B1914FE92A993B4D0069727C /* SceneDelegate.swift in Sources */,
			);
			runOnlyForDeploymentPostprocessing = 0;
		};
		B1914FF82A993B4E0069727C /* Sources */ = {
			isa = PBXSourcesBuildPhase;
			buildActionMask = 2147483647;
			files = (
				B19150012A993B4E0069727C /* BudgetControlTests.swift in Sources */,
			);
			runOnlyForDeploymentPostprocessing = 0;
		};
/* End PBXSourcesBuildPhase section */

/* Begin PBXTargetDependency section */
		B1914FFE2A993B4E0069727C /* PBXTargetDependency */ = {
			isa = PBXTargetDependency;
			target = B1914FE22A993B4D0069727C /* BudgetControl */;
			targetProxy = B1914FFD2A993B4E0069727C /* PBXContainerItemProxy */;
		};
		B191502B2A9B4A410069727C /* PBXTargetDependency */ = {
			isa = PBXTargetDependency;
			productRef = B191502A2A9B4A410069727C /* SwiftLint */;
		};
/* End PBXTargetDependency section */

/* Begin PBXVariantGroup section */
		B1914FF42A993B4E0069727C /* LaunchScreen.storyboard */ = {
			isa = PBXVariantGroup;
			children = (
				B1914FF52A993B4E0069727C /* Base */,
			);
			name = LaunchScreen.storyboard;
			sourceTree = "<group>";
		};
/* End PBXVariantGroup section */

/* Begin XCBuildConfiguration section */
		B191500E2A993B4E0069727C /* Debug */ = {
			isa = XCBuildConfiguration;
			buildSettings = {
				ALWAYS_SEARCH_USER_PATHS = NO;
				CLANG_ANALYZER_NONNULL = YES;
				CLANG_ANALYZER_NUMBER_OBJECT_CONVERSION = YES_AGGRESSIVE;
				CLANG_CXX_LANGUAGE_STANDARD = "gnu++20";
				CLANG_ENABLE_MODULES = YES;
				CLANG_ENABLE_OBJC_ARC = YES;
				CLANG_ENABLE_OBJC_WEAK = YES;
				CLANG_WARN_BLOCK_CAPTURE_AUTORELEASING = YES;
				CLANG_WARN_BOOL_CONVERSION = YES;
				CLANG_WARN_COMMA = YES;
				CLANG_WARN_CONSTANT_CONVERSION = YES;
				CLANG_WARN_DEPRECATED_OBJC_IMPLEMENTATIONS = YES;
				CLANG_WARN_DIRECT_OBJC_ISA_USAGE = YES_ERROR;
				CLANG_WARN_DOCUMENTATION_COMMENTS = YES;
				CLANG_WARN_EMPTY_BODY = YES;
				CLANG_WARN_ENUM_CONVERSION = YES;
				CLANG_WARN_INFINITE_RECURSION = YES;
				CLANG_WARN_INT_CONVERSION = YES;
				CLANG_WARN_NON_LITERAL_NULL_CONVERSION = YES;
				CLANG_WARN_OBJC_IMPLICIT_RETAIN_SELF = YES;
				CLANG_WARN_OBJC_LITERAL_CONVERSION = YES;
				CLANG_WARN_OBJC_ROOT_CLASS = YES_ERROR;
				CLANG_WARN_QUOTED_INCLUDE_IN_FRAMEWORK_HEADER = YES;
				CLANG_WARN_RANGE_LOOP_ANALYSIS = YES;
				CLANG_WARN_STRICT_PROTOTYPES = YES;
				CLANG_WARN_SUSPICIOUS_MOVE = YES;
				CLANG_WARN_UNGUARDED_AVAILABILITY = YES_AGGRESSIVE;
				CLANG_WARN_UNREACHABLE_CODE = YES;
				CLANG_WARN__DUPLICATE_METHOD_MATCH = YES;
				COPY_PHASE_STRIP = NO;
				DEBUG_INFORMATION_FORMAT = dwarf;
				ENABLE_STRICT_OBJC_MSGSEND = YES;
				ENABLE_TESTABILITY = YES;
				GCC_C_LANGUAGE_STANDARD = gnu11;
				GCC_DYNAMIC_NO_PIC = NO;
				GCC_NO_COMMON_BLOCKS = YES;
				GCC_OPTIMIZATION_LEVEL = 0;
				GCC_PREPROCESSOR_DEFINITIONS = (
					"DEBUG=1",
					"$(inherited)",
				);
				GCC_WARN_64_TO_32_BIT_CONVERSION = YES;
				GCC_WARN_ABOUT_RETURN_TYPE = YES_ERROR;
				GCC_WARN_UNDECLARED_SELECTOR = YES;
				GCC_WARN_UNINITIALIZED_AUTOS = YES_AGGRESSIVE;
				GCC_WARN_UNUSED_FUNCTION = YES;
				GCC_WARN_UNUSED_VARIABLE = YES;
				IPHONEOS_DEPLOYMENT_TARGET = 16.4;
				MTL_ENABLE_DEBUG_INFO = INCLUDE_SOURCE;
				MTL_FAST_MATH = YES;
				ONLY_ACTIVE_ARCH = YES;
				SDKROOT = iphoneos;
				SWIFT_ACTIVE_COMPILATION_CONDITIONS = DEBUG;
				SWIFT_OPTIMIZATION_LEVEL = "-Onone";
			};
			name = Debug;
		};
		B191500F2A993B4E0069727C /* Release */ = {
			isa = XCBuildConfiguration;
			buildSettings = {
				ALWAYS_SEARCH_USER_PATHS = NO;
				CLANG_ANALYZER_NONNULL = YES;
				CLANG_ANALYZER_NUMBER_OBJECT_CONVERSION = YES_AGGRESSIVE;
				CLANG_CXX_LANGUAGE_STANDARD = "gnu++20";
				CLANG_ENABLE_MODULES = YES;
				CLANG_ENABLE_OBJC_ARC = YES;
				CLANG_ENABLE_OBJC_WEAK = YES;
				CLANG_WARN_BLOCK_CAPTURE_AUTORELEASING = YES;
				CLANG_WARN_BOOL_CONVERSION = YES;
				CLANG_WARN_COMMA = YES;
				CLANG_WARN_CONSTANT_CONVERSION = YES;
				CLANG_WARN_DEPRECATED_OBJC_IMPLEMENTATIONS = YES;
				CLANG_WARN_DIRECT_OBJC_ISA_USAGE = YES_ERROR;
				CLANG_WARN_DOCUMENTATION_COMMENTS = YES;
				CLANG_WARN_EMPTY_BODY = YES;
				CLANG_WARN_ENUM_CONVERSION = YES;
				CLANG_WARN_INFINITE_RECURSION = YES;
				CLANG_WARN_INT_CONVERSION = YES;
				CLANG_WARN_NON_LITERAL_NULL_CONVERSION = YES;
				CLANG_WARN_OBJC_IMPLICIT_RETAIN_SELF = YES;
				CLANG_WARN_OBJC_LITERAL_CONVERSION = YES;
				CLANG_WARN_OBJC_ROOT_CLASS = YES_ERROR;
				CLANG_WARN_QUOTED_INCLUDE_IN_FRAMEWORK_HEADER = YES;
				CLANG_WARN_RANGE_LOOP_ANALYSIS = YES;
				CLANG_WARN_STRICT_PROTOTYPES = YES;
				CLANG_WARN_SUSPICIOUS_MOVE = YES;
				CLANG_WARN_UNGUARDED_AVAILABILITY = YES_AGGRESSIVE;
				CLANG_WARN_UNREACHABLE_CODE = YES;
				CLANG_WARN__DUPLICATE_METHOD_MATCH = YES;
				COPY_PHASE_STRIP = NO;
				DEBUG_INFORMATION_FORMAT = "dwarf-with-dsym";
				ENABLE_NS_ASSERTIONS = NO;
				ENABLE_STRICT_OBJC_MSGSEND = YES;
				GCC_C_LANGUAGE_STANDARD = gnu11;
				GCC_NO_COMMON_BLOCKS = YES;
				GCC_WARN_64_TO_32_BIT_CONVERSION = YES;
				GCC_WARN_ABOUT_RETURN_TYPE = YES_ERROR;
				GCC_WARN_UNDECLARED_SELECTOR = YES;
				GCC_WARN_UNINITIALIZED_AUTOS = YES_AGGRESSIVE;
				GCC_WARN_UNUSED_FUNCTION = YES;
				GCC_WARN_UNUSED_VARIABLE = YES;
				IPHONEOS_DEPLOYMENT_TARGET = 16.4;
				MTL_ENABLE_DEBUG_INFO = NO;
				MTL_FAST_MATH = YES;
				SDKROOT = iphoneos;
				SWIFT_COMPILATION_MODE = wholemodule;
				SWIFT_OPTIMIZATION_LEVEL = "-O";
				VALIDATE_PRODUCT = YES;
			};
			name = Release;
		};
		B19150112A993B4E0069727C /* Debug */ = {
			isa = XCBuildConfiguration;
			buildSettings = {
				ASSETCATALOG_COMPILER_APPICON_NAME = AppIcon;
				ASSETCATALOG_COMPILER_GLOBAL_ACCENT_COLOR_NAME = AccentColor;
				CODE_SIGN_STYLE = Automatic;
				CURRENT_PROJECT_VERSION = 1;
				DEVELOPMENT_TEAM = NFA8F38A32;
				GENERATE_INFOPLIST_FILE = YES;
				INFOPLIST_FILE = BudgetControl/Infrastructure/Info.plist;
				INFOPLIST_KEY_LSApplicationCategoryType = "public.app-category.finance";
				INFOPLIST_KEY_UIApplicationSupportsIndirectInputEvents = YES;
				INFOPLIST_KEY_UILaunchStoryboardName = LaunchScreen;
				INFOPLIST_KEY_UISupportedInterfaceOrientations_iPad = "UIInterfaceOrientationPortrait UIInterfaceOrientationPortraitUpsideDown UIInterfaceOrientationLandscapeLeft UIInterfaceOrientationLandscapeRight";
				INFOPLIST_KEY_UISupportedInterfaceOrientations_iPhone = "UIInterfaceOrientationPortrait UIInterfaceOrientationLandscapeLeft UIInterfaceOrientationLandscapeRight";
				LD_RUNPATH_SEARCH_PATHS = (
					"$(inherited)",
					"@executable_path/Frameworks",
				);
				MARKETING_VERSION = 1.0;
				PRODUCT_BUNDLE_IDENTIFIER = com.shiaulis.BudgetControl;
				PRODUCT_NAME = "$(TARGET_NAME)";
				SWIFT_EMIT_LOC_STRINGS = YES;
				SWIFT_VERSION = 5.0;
				TARGETED_DEVICE_FAMILY = "1,2";
			};
			name = Debug;
		};
		B19150122A993B4E0069727C /* Release */ = {
			isa = XCBuildConfiguration;
			buildSettings = {
				ASSETCATALOG_COMPILER_APPICON_NAME = AppIcon;
				ASSETCATALOG_COMPILER_GLOBAL_ACCENT_COLOR_NAME = AccentColor;
				CODE_SIGN_STYLE = Automatic;
				CURRENT_PROJECT_VERSION = 1;
				DEVELOPMENT_TEAM = NFA8F38A32;
				GENERATE_INFOPLIST_FILE = YES;
				INFOPLIST_FILE = BudgetControl/Infrastructure/Info.plist;
				INFOPLIST_KEY_LSApplicationCategoryType = "public.app-category.finance";
				INFOPLIST_KEY_UIApplicationSupportsIndirectInputEvents = YES;
				INFOPLIST_KEY_UILaunchStoryboardName = LaunchScreen;
				INFOPLIST_KEY_UISupportedInterfaceOrientations_iPad = "UIInterfaceOrientationPortrait UIInterfaceOrientationPortraitUpsideDown UIInterfaceOrientationLandscapeLeft UIInterfaceOrientationLandscapeRight";
				INFOPLIST_KEY_UISupportedInterfaceOrientations_iPhone = "UIInterfaceOrientationPortrait UIInterfaceOrientationLandscapeLeft UIInterfaceOrientationLandscapeRight";
				LD_RUNPATH_SEARCH_PATHS = (
					"$(inherited)",
					"@executable_path/Frameworks",
				);
				MARKETING_VERSION = 1.0;
				PRODUCT_BUNDLE_IDENTIFIER = com.shiaulis.BudgetControl;
				PRODUCT_NAME = "$(TARGET_NAME)";
				SWIFT_EMIT_LOC_STRINGS = YES;
				SWIFT_VERSION = 5.0;
				TARGETED_DEVICE_FAMILY = "1,2";
			};
			name = Release;
		};
		B19150142A993B4E0069727C /* Debug */ = {
			isa = XCBuildConfiguration;
			buildSettings = {
				ALWAYS_EMBED_SWIFT_STANDARD_LIBRARIES = YES;
				BUNDLE_LOADER = "$(TEST_HOST)";
				CODE_SIGN_STYLE = Automatic;
				CURRENT_PROJECT_VERSION = 1;
				DEVELOPMENT_TEAM = NFA8F38A32;
				GENERATE_INFOPLIST_FILE = YES;
				IPHONEOS_DEPLOYMENT_TARGET = 16.4;
				MARKETING_VERSION = 1.0;
				PRODUCT_BUNDLE_IDENTIFIER = com.shiaulis.BudgetControlTests;
				PRODUCT_NAME = "$(TARGET_NAME)";
				SWIFT_EMIT_LOC_STRINGS = NO;
				SWIFT_VERSION = 5.0;
				TARGETED_DEVICE_FAMILY = "1,2";
				TEST_HOST = "$(BUILT_PRODUCTS_DIR)/BudgetControl.app/$(BUNDLE_EXECUTABLE_FOLDER_PATH)/BudgetControl";
			};
			name = Debug;
		};
		B19150152A993B4E0069727C /* Release */ = {
			isa = XCBuildConfiguration;
			buildSettings = {
				ALWAYS_EMBED_SWIFT_STANDARD_LIBRARIES = YES;
				BUNDLE_LOADER = "$(TEST_HOST)";
				CODE_SIGN_STYLE = Automatic;
				CURRENT_PROJECT_VERSION = 1;
				DEVELOPMENT_TEAM = NFA8F38A32;
				GENERATE_INFOPLIST_FILE = YES;
				IPHONEOS_DEPLOYMENT_TARGET = 16.4;
				MARKETING_VERSION = 1.0;
				PRODUCT_BUNDLE_IDENTIFIER = com.shiaulis.BudgetControlTests;
				PRODUCT_NAME = "$(TARGET_NAME)";
				SWIFT_EMIT_LOC_STRINGS = NO;
				SWIFT_VERSION = 5.0;
				TARGETED_DEVICE_FAMILY = "1,2";
				TEST_HOST = "$(BUILT_PRODUCTS_DIR)/BudgetControl.app/$(BUNDLE_EXECUTABLE_FOLDER_PATH)/BudgetControl";
			};
			name = Release;
		};
/* End XCBuildConfiguration section */

/* Begin XCConfigurationList section */
		B1914FDE2A993B4D0069727C /* Build configuration list for PBXProject "BudgetControl" */ = {
			isa = XCConfigurationList;
			buildConfigurations = (
				B191500E2A993B4E0069727C /* Debug */,
				B191500F2A993B4E0069727C /* Release */,
			);
			defaultConfigurationIsVisible = 0;
			defaultConfigurationName = Release;
		};
		B19150102A993B4E0069727C /* Build configuration list for PBXNativeTarget "BudgetControl" */ = {
			isa = XCConfigurationList;
			buildConfigurations = (
				B19150112A993B4E0069727C /* Debug */,
				B19150122A993B4E0069727C /* Release */,
			);
			defaultConfigurationIsVisible = 0;
			defaultConfigurationName = Release;
		};
		B19150132A993B4E0069727C /* Build configuration list for PBXNativeTarget "BudgetControlTests" */ = {
			isa = XCConfigurationList;
			buildConfigurations = (
				B19150142A993B4E0069727C /* Debug */,
				B19150152A993B4E0069727C /* Release */,
			);
			defaultConfigurationIsVisible = 0;
			defaultConfigurationName = Release;
		};
/* End XCConfigurationList section */

/* Begin XCRemoteSwiftPackageReference section */
		B19150292A9B49F00069727C /* XCRemoteSwiftPackageReference "SwiftLintPlugin" */ = {
			isa = XCRemoteSwiftPackageReference;
			repositoryURL = "https://github.com/lukepistrol/SwiftLintPlugin";
			requirement = {
				kind = upToNextMajorVersion;
				minimumVersion = 0.52.4;
			};
		};
/* End XCRemoteSwiftPackageReference section */

/* Begin XCSwiftPackageProductDependency section */
		B191502A2A9B4A410069727C /* SwiftLint */ = {
			isa = XCSwiftPackageProductDependency;
			package = B19150292A9B49F00069727C /* XCRemoteSwiftPackageReference "SwiftLintPlugin" */;
			productName = "plugin:SwiftLint";
		};
/* End XCSwiftPackageProductDependency section */

/* Begin XCVersionGroup section */
		B1914FEF2A993B4D0069727C /* BudgetControl.xcdatamodeld */ = {
			isa = XCVersionGroup;
			children = (
				B1914FF02A993B4D0069727C /* BudgetControl.xcdatamodel */,
			);
			currentVersion = B1914FF02A993B4D0069727C /* BudgetControl.xcdatamodel */;
			path = BudgetControl.xcdatamodeld;
			sourceTree = "<group>";
			versionGroupType = wrapper.xcdatamodel;
		};
/* End XCVersionGroup section */
	};
	rootObject = B1914FDB2A993B4D0069727C /* Project object */;
}
